
Microsoft Visual Studio Solution File, Format Version 12.00
# Visual Studio Version 16
VisualStudioVersion = 16.0.29503.13
MinimumVisualStudioVersion = 10.0.40219.1
Project("{2150E333-8FDC-42A3-9474-1A3956D46DE8}") = "src", "src", "{420F640A-E23F-457C-BEC7-1DEAD1C592F1}"
	ProjectSection(SolutionItems) = preProject
		src\Directory.Build.props = src\Directory.Build.props
	EndProjectSection
EndProject
Project("{2150E333-8FDC-42A3-9474-1A3956D46DE8}") = "test", "test", "{F9AD8B6F-1F59-4678-B9CF-9CD87172A111}"
	ProjectSection(SolutionItems) = preProject
		test\Directory.Build.props = test\Directory.Build.props
	EndProjectSection
EndProject
Project("{2150E333-8FDC-42A3-9474-1A3956D46DE8}") = "samples", "samples", "{36333C22-54F7-403C-ABC4-BECE4EE3F52D}"
EndProject
Project("{9A19103F-16F7-4668-BE54-9A1E7A4F7556}") = "Shared", "samples\Shared\Shared.csproj", "{69609C83-10C2-4147-AD33-A45EEBF95AE6}"
EndProject
Project("{9A19103F-16F7-4668-BE54-9A1E7A4F7556}") = "OpenTracing.Contrib.NetCore", "src\OpenTracing.Contrib.NetCore\OpenTracing.Contrib.NetCore.csproj", "{10729E17-3C79-477B-BBEB-B727D7B5B60B}"
EndProject
Project("{9A19103F-16F7-4668-BE54-9A1E7A4F7556}") = "TrafficGenerator", "samples\TrafficGenerator\TrafficGenerator.csproj", "{F82DCB26-7497-43A5-9F46-4B58DAB28C25}"
EndProject
Project("{2150E333-8FDC-42A3-9474-1A3956D46DE8}") = "Solution Items", "Solution Items", "{A47B38EB-246E-4CD5-9655-539466C71067}"
	ProjectSection(SolutionItems) = preProject
		.travis.yml = .travis.yml
		build.ps1 = build.ps1
		Directory.Build.props = Directory.Build.props
		global.json = global.json
		launch-sample.ps1 = launch-sample.ps1
		README.md = README.md
	EndProjectSection
EndProject
Project("{9A19103F-16F7-4668-BE54-9A1E7A4F7556}") = "OpenTracing.Contrib.NetCore.Tests", "test\OpenTracing.Contrib.NetCore.Tests\OpenTracing.Contrib.NetCore.Tests.csproj", "{70707714-F09D-48A7-B6BC-3C58B243A753}"
EndProject
Project("{2150E333-8FDC-42A3-9474-1A3956D46DE8}") = "benchmarks", "benchmarks", "{FCB84E77-6B0A-4969-8DF2-7E74197E29BB}"
EndProject
Project("{9A19103F-16F7-4668-BE54-9A1E7A4F7556}") = "OpenTracing.Contrib.NetCore.Benchmarks", "benchmarks\OpenTracing.Contrib.NetCore.Benchmarks\OpenTracing.Contrib.NetCore.Benchmarks.csproj", "{E92B106E-1DEF-43D9-B7FF-30132DB6254B}"
EndProject
Project("{E53339B2-1760-4266-BCC7-CA923CBCF16C}") = "docker-compose", "docker-compose.dcproj", "{DC687FDA-1A9C-4A39-AF4C-2740E0126FF3}"
EndProject
Project("{FAE04EC0-301F-11D3-BF4B-00C04F79EFBC}") = "FrontendWeb", "samples\FrontendWeb\FrontendWeb.csproj", "{F6E92E50-A26C-40C0-9D30-05431BEE5B0D}"
EndProject
Project("{FAE04EC0-301F-11D3-BF4B-00C04F79EFBC}") = "CustomerApi", "samples\CustomerApi\CustomerApi.csproj", "{3895B27F-F6D7-4A84-B6EF-15F876D7D45D}"
EndProject
Project("{FAE04EC0-301F-11D3-BF4B-00C04F79EFBC}") = "OrderApi", "samples\OrderApi\OrderApi.csproj", "{0B20F0FB-8FD9-4B9A-88E9-A86935C4F522}"
EndProject
Global
	GlobalSection(SolutionConfigurationPlatforms) = preSolution
		Debug|Any CPU = Debug|Any CPU
		Release|Any CPU = Release|Any CPU
	EndGlobalSection
	GlobalSection(ProjectConfigurationPlatforms) = postSolution
		{69609C83-10C2-4147-AD33-A45EEBF95AE6}.Debug|Any CPU.ActiveCfg = Debug|Any CPU
		{69609C83-10C2-4147-AD33-A45EEBF95AE6}.Debug|Any CPU.Build.0 = Debug|Any CPU
		{69609C83-10C2-4147-AD33-A45EEBF95AE6}.Release|Any CPU.ActiveCfg = Release|Any CPU
		{69609C83-10C2-4147-AD33-A45EEBF95AE6}.Release|Any CPU.Build.0 = Release|Any CPU
		{10729E17-3C79-477B-BBEB-B727D7B5B60B}.Debug|Any CPU.ActiveCfg = Debug|Any CPU
		{10729E17-3C79-477B-BBEB-B727D7B5B60B}.Debug|Any CPU.Build.0 = Debug|Any CPU
		{10729E17-3C79-477B-BBEB-B727D7B5B60B}.Release|Any CPU.ActiveCfg = Release|Any CPU
		{10729E17-3C79-477B-BBEB-B727D7B5B60B}.Release|Any CPU.Build.0 = Release|Any CPU
		{F82DCB26-7497-43A5-9F46-4B58DAB28C25}.Debug|Any CPU.ActiveCfg = Debug|Any CPU
		{F82DCB26-7497-43A5-9F46-4B58DAB28C25}.Debug|Any CPU.Build.0 = Debug|Any CPU
		{F82DCB26-7497-43A5-9F46-4B58DAB28C25}.Release|Any CPU.ActiveCfg = Release|Any CPU
		{F82DCB26-7497-43A5-9F46-4B58DAB28C25}.Release|Any CPU.Build.0 = Release|Any CPU
		{70707714-F09D-48A7-B6BC-3C58B243A753}.Debug|Any CPU.ActiveCfg = Debug|Any CPU
		{70707714-F09D-48A7-B6BC-3C58B243A753}.Debug|Any CPU.Build.0 = Debug|Any CPU
		{70707714-F09D-48A7-B6BC-3C58B243A753}.Release|Any CPU.ActiveCfg = Release|Any CPU
		{70707714-F09D-48A7-B6BC-3C58B243A753}.Release|Any CPU.Build.0 = Release|Any CPU
		{E92B106E-1DEF-43D9-B7FF-30132DB6254B}.Debug|Any CPU.ActiveCfg = Debug|Any CPU
		{E92B106E-1DEF-43D9-B7FF-30132DB6254B}.Debug|Any CPU.Build.0 = Debug|Any CPU
		{E92B106E-1DEF-43D9-B7FF-30132DB6254B}.Release|Any CPU.ActiveCfg = Release|Any CPU
		{E92B106E-1DEF-43D9-B7FF-30132DB6254B}.Release|Any CPU.Build.0 = Release|Any CPU
		{DC687FDA-1A9C-4A39-AF4C-2740E0126FF3}.Debug|Any CPU.ActiveCfg = Debug|Any CPU
		{DC687FDA-1A9C-4A39-AF4C-2740E0126FF3}.Debug|Any CPU.Build.0 = Debug|Any CPU
		{DC687FDA-1A9C-4A39-AF4C-2740E0126FF3}.Release|Any CPU.ActiveCfg = Release|Any CPU
		{DC687FDA-1A9C-4A39-AF4C-2740E0126FF3}.Release|Any CPU.Build.0 = Release|Any CPU
		{F6E92E50-A26C-40C0-9D30-05431BEE5B0D}.Debug|Any CPU.ActiveCfg = Debug|Any CPU
		{F6E92E50-A26C-40C0-9D30-05431BEE5B0D}.Debug|Any CPU.Build.0 = Debug|Any CPU
		{F6E92E50-A26C-40C0-9D30-05431BEE5B0D}.Release|Any CPU.ActiveCfg = Release|Any CPU
		{F6E92E50-A26C-40C0-9D30-05431BEE5B0D}.Release|Any CPU.Build.0 = Release|Any CPU
		{3895B27F-F6D7-4A84-B6EF-15F876D7D45D}.Debug|Any CPU.ActiveCfg = Debug|Any CPU
		{3895B27F-F6D7-4A84-B6EF-15F876D7D45D}.Debug|Any CPU.Build.0 = Debug|Any CPU
		{3895B27F-F6D7-4A84-B6EF-15F876D7D45D}.Release|Any CPU.ActiveCfg = Release|Any CPU
		{3895B27F-F6D7-4A84-B6EF-15F876D7D45D}.Release|Any CPU.Build.0 = Release|Any CPU
		{0B20F0FB-8FD9-4B9A-88E9-A86935C4F522}.Debug|Any CPU.ActiveCfg = Debug|Any CPU
		{0B20F0FB-8FD9-4B9A-88E9-A86935C4F522}.Debug|Any CPU.Build.0 = Debug|Any CPU
		{0B20F0FB-8FD9-4B9A-88E9-A86935C4F522}.Release|Any CPU.ActiveCfg = Release|Any CPU
		{0B20F0FB-8FD9-4B9A-88E9-A86935C4F522}.Release|Any CPU.Build.0 = Release|Any CPU
	EndGlobalSection
	GlobalSection(SolutionProperties) = preSolution
		HideSolutionNode = FALSE
	EndGlobalSection
	GlobalSection(NestedProjects) = preSolution
		{69609C83-10C2-4147-AD33-A45EEBF95AE6} = {36333C22-54F7-403C-ABC4-BECE4EE3F52D}
		{10729E17-3C79-477B-BBEB-B727D7B5B60B} = {420F640A-E23F-457C-BEC7-1DEAD1C592F1}
		{F82DCB26-7497-43A5-9F46-4B58DAB28C25} = {36333C22-54F7-403C-ABC4-BECE4EE3F52D}
		{70707714-F09D-48A7-B6BC-3C58B243A753} = {F9AD8B6F-1F59-4678-B9CF-9CD87172A111}
		{E92B106E-1DEF-43D9-B7FF-30132DB6254B} = {FCB84E77-6B0A-4969-8DF2-7E74197E29BB}
		{F6E92E50-A26C-40C0-9D30-05431BEE5B0D} = {36333C22-54F7-403C-ABC4-BECE4EE3F52D}
		{3895B27F-F6D7-4A84-B6EF-15F876D7D45D} = {36333C22-54F7-403C-ABC4-BECE4EE3F52D}
		{0B20F0FB-8FD9-4B9A-88E9-A86935C4F522} = {36333C22-54F7-403C-ABC4-BECE4EE3F52D}
	EndGlobalSection
	GlobalSection(ExtensibilityGlobals) = postSolution
		SolutionGuid = {832F86C2-4B74-4259-8073-04EE0C37FBCD}
	EndGlobalSection
EndGlobal
